
Microsoft Visual Studio Solution File, Format Version 12.00
# Visual Studio 15
VisualStudioVersion = 15.0.28307.168
MinimumVisualStudioVersion = 10.0.40219.1
Project("{FAE04EC0-301F-11D3-BF4B-00C04F79EFBC}") = "Checkout", "Checkout\Checkout.csproj", "{72606253-E745-49CD-86B1-CA4EF9A66EF3}"
EndProject
Global
	GlobalSection(SolutionConfigurationPlatforms) = preSolution
		Debug|Any CPU = Debug|Any CPU
		Release|Any CPU = Release|Any CPU
	EndGlobalSection
	GlobalSection(ProjectConfigurationPlatforms) = postSolution
		{72606253-E745-49CD-86B1-CA4EF9A66EF3}.Debug|Any CPU.ActiveCfg = Debug|Any CPU
		{72606253-E745-49CD-86B1-CA4EF9A66EF3}.Debug|Any CPU.Build.0 = Debug|Any CPU
		{72606253-E745-49CD-86B1-CA4EF9A66EF3}.Release|Any CPU.ActiveCfg = Release|Any CPU
		{72606253-E745-49CD-86B1-CA4EF9A66EF3}.Release|Any CPU.Build.0 = Release|Any CPU
	EndGlobalSection
	GlobalSection(SolutionProperties) = preSolution
		HideSolutionNode = FALSE
	EndGlobalSection
	GlobalSection(ExtensibilityGlobals) = postSolution
		SolutionGuid = {D890215E-1E12-4F30-BE4F-2B329BCE5AEC}
	EndGlobalSection
EndGlobal
